{
  "name": "@apexdevtools/outline-parser",
  "lockfileVersion": 2,
  "requires": true,
  "packages": {
    "": {
      "name": "@apexdevtools/outline-parser",
      "devDependencies": {
        "@apexdevtools/apex-parser": "^5.1.0-beta.1"
      },
      "engines": {
        "node": "^20.19.0 || ^22.13.0 || >=24"
      }
    },
    "node_modules/@apexdevtools/apex-parser": {
      "version": "5.1.0-beta.1",
      "resolved": "https://registry.npmjs.org/@apexdevtools/apex-parser/-/apex-parser-5.1.0-beta.1.tgz",
      "integrity": "sha512-IBuDgIMNypFJ9KXQDPZ44tbroj7Qi+to+l7fTqz+PiiXSw1MRFJfIPznO0oZcY68rohyEaMfeLWG2fYAPNc7hQ==",
      "bundleDependencies": [
        "antlr4"
      ],
      "dev": true,
      "license": "BSD-3-Clause",
      "dependencies": {
        "antlr4": "4.13.2"
      },
      "engines": {
        "node": "^20.19.0 || ^22.13.0 || >=24"
      }
    },
    "node_modules/@apexdevtools/apex-parser/node_modules/antlr4": {
      "version": "4.13.2",
      "dev": true,
      "inBundle": true,
      "license": "BSD-3-Clause",
      "engines": {
        "node": ">=16"
      }
    }
  },
  "dependencies": {
    "@apexdevtools/apex-parser": {
      "version": "5.1.0-beta.1",
      "resolved": "https://registry.npmjs.org/@apexdevtools/apex-parser/-/apex-parser-5.1.0-beta.1.tgz",
      "integrity": "sha512-IBuDgIMNypFJ9KXQDPZ44tbroj7Qi+to+l7fTqz+PiiXSw1MRFJfIPznO0oZcY68rohyEaMfeLWG2fYAPNc7hQ==",
      "dev": true,
      "requires": {
        "antlr4": "4.13.2"
      },
      "dependencies": {
        "antlr4": {
          "version": "4.13.2",
          "bundled": true,
          "dev": true
        }
      }
    }
  }
}
